// !$*UTF8*$!
{
	archiveVersion = 1;
	classes = {
	};
	objectVersion = 46;
	objects = {

/* Begin PBXBuildFile section */
		57C6BBDE8D23209A135B5392 /* libPods.a in Frameworks */ = {isa = PBXBuildFile; fileRef = EB561C0AC5AD3A9B914DE060 /* libPods.a */; };
		E91E6D621B0B6D3B00E6FE98 /* WeekTableViewController.m in Sources */ = {isa = PBXBuildFile; fileRef = E91E6D611B0B6D3B00E6FE98 /* WeekTableViewController.m */; };
		E9CCB4E51B052F3400A3452E /* main.m in Sources */ = {isa = PBXBuildFile; fileRef = E9CCB4E41B052F3400A3452E /* main.m */; };
		E9CCB4E81B052F3400A3452E /* AppDelegate.m in Sources */ = {isa = PBXBuildFile; fileRef = E9CCB4E71B052F3400A3452E /* AppDelegate.m */; };
		E9CCB4EB1B052F3500A3452E /* StormyWeather.xcdatamodeld in Sources */ = {isa = PBXBuildFile; fileRef = E9CCB4E91B052F3500A3452E /* StormyWeather.xcdatamodeld */; };
		E9CCB4EE1B052F3500A3452E /* ViewController.m in Sources */ = {isa = PBXBuildFile; fileRef = E9CCB4ED1B052F3500A3452E /* ViewController.m */; };
		E9CCB4F11B052F3500A3452E /* Main.storyboard in Resources */ = {isa = PBXBuildFile; fileRef = E9CCB4EF1B052F3500A3452E /* Main.storyboard */; };
		E9CCB4F31B052F3500A3452E /* Images.xcassets in Resources */ = {isa = PBXBuildFile; fileRef = E9CCB4F21B052F3500A3452E /* Images.xcassets */; };
		E9CCB4F61B052F3500A3452E /* LaunchScreen.xib in Resources */ = {isa = PBXBuildFile; fileRef = E9CCB4F41B052F3500A3452E /* LaunchScreen.xib */; };
		E9CCB5021B052F3500A3452E /* StormyWeatherTests.m in Sources */ = {isa = PBXBuildFile; fileRef = E9CCB5011B052F3500A3452E /* StormyWeatherTests.m */; };
		E9CCB5101B054DE200A3452E /* cities.json in Resources */ = {isa = PBXBuildFile; fileRef = E9CCB50F1B054DE200A3452E /* cities.json */; };
		E9CCB5131B0679A000A3452E /* CRUDController.m in Sources */ = {isa = PBXBuildFile; fileRef = E9CCB5121B0679A000A3452E /* CRUDController.m */; };
		E9CCB5161B08530C00A3452E /* City.m in Sources */ = {isa = PBXBuildFile; fileRef = E9CCB5151B08530C00A3452E /* City.m */; };
		E9CCB51C1B09FCC200A3452E /* CitiesTableViewController.m in Sources */ = {isa = PBXBuildFile; fileRef = E9CCB51B1B09FCC200A3452E /* CitiesTableViewController.m */; };
		E9CCB51E1B0A7F7100A3452E /* SystemConfiguration.framework in Frameworks */ = {isa = PBXBuildFile; fileRef = E9CCB51D1B0A7F7100A3452E /* SystemConfiguration.framework */; };
		E9CCB5211B0A7FA100A3452E /* Reachability.m in Sources */ = {isa = PBXBuildFile; fileRef = E9CCB5201B0A7FA100A3452E /* Reachability.m */; };
		E9CCB5241B0B53DF00A3452E /* DetailViewController.m in Sources */ = {isa = PBXBuildFile; fileRef = E9CCB5231B0B53DF00A3452E /* DetailViewController.m */; };
		E9CCB5271B0B5D5400A3452E /* TabBarController.m in Sources */ = {isa = PBXBuildFile; fileRef = E9CCB5261B0B5D5400A3452E /* TabBarController.m */; };
/* End PBXBuildFile section */

/* Begin PBXContainerItemProxy section */
		E9CCB4FC1B052F3500A3452E /* PBXContainerItemProxy */ = {
			isa = PBXContainerItemProxy;
			containerPortal = E9CCB4D71B052F3400A3452E /* Project object */;
			proxyType = 1;
			remoteGlobalIDString = E9CCB4DE1B052F3400A3452E;
			remoteInfo = StormyWeather;
		};
/* End PBXContainerItemProxy section */

/* Begin PBXFileReference section */
		3AB88AA641B9B1BBA4D65758 /* Pods.debug.xcconfig */ = {isa = PBXFileReference; includeInIndex = 1; lastKnownFileType = text.xcconfig; name = Pods.debug.xcconfig; path = "Pods/Target Support Files/Pods/Pods.debug.xcconfig"; sourceTree = "<group>"; };
		4B21FF685761E270226DCCE3 /* Pods.release.xcconfig */ = {isa = PBXFileReference; includeInIndex = 1; lastKnownFileType = text.xcconfig; name = Pods.release.xcconfig; path = "Pods/Target Support Files/Pods/Pods.release.xcconfig"; sourceTree = "<group>"; };
		E91E6D601B0B6D3A00E6FE98 /* WeekTableViewController.h */ = {isa = PBXFileReference; fileEncoding = 4; lastKnownFileType = sourcecode.c.h; path = WeekTableViewController.h; sourceTree = "<group>"; };
		E91E6D611B0B6D3B00E6FE98 /* WeekTableViewController.m */ = {isa = PBXFileReference; fileEncoding = 4; lastKnownFileType = sourcecode.c.objc; path = WeekTableViewController.m; sourceTree = "<group>"; };
		E9CCB4DF1B052F3400A3452E /* StormyWeather.app */ = {isa = PBXFileReference; explicitFileType = wrapper.application; includeInIndex = 0; path = StormyWeather.app; sourceTree = BUILT_PRODUCTS_DIR; };
		E9CCB4E31B052F3400A3452E /* Info.plist */ = {isa = PBXFileReference; lastKnownFileType = text.plist.xml; path = Info.plist; sourceTree = "<group>"; };
		E9CCB4E41B052F3400A3452E /* main.m */ = {isa = PBXFileReference; lastKnownFileType = sourcecode.c.objc; path = main.m; sourceTree = "<group>"; };
		E9CCB4E61B052F3400A3452E /* AppDelegate.h */ = {isa = PBXFileReference; lastKnownFileType = sourcecode.c.h; path = AppDelegate.h; sourceTree = "<group>"; };
		E9CCB4E71B052F3400A3452E /* AppDelegate.m */ = {isa = PBXFileReference; lastKnownFileType = sourcecode.c.objc; path = AppDelegate.m; sourceTree = "<group>"; };
		E9CCB4EA1B052F3500A3452E /* StormyWeather.xcdatamodel */ = {isa = PBXFileReference; lastKnownFileType = wrapper.xcdatamodel; path = StormyWeather.xcdatamodel; sourceTree = "<group>"; };
		E9CCB4EC1B052F3500A3452E /* ViewController.h */ = {isa = PBXFileReference; lastKnownFileType = sourcecode.c.h; path = ViewController.h; sourceTree = "<group>"; };
		E9CCB4ED1B052F3500A3452E /* ViewController.m */ = {isa = PBXFileReference; lastKnownFileType = sourcecode.c.objc; path = ViewController.m; sourceTree = "<group>"; };
		E9CCB4F01B052F3500A3452E /* Base */ = {isa = PBXFileReference; lastKnownFileType = file.storyboard; name = Base; path = Base.lproj/Main.storyboard; sourceTree = "<group>"; };
		E9CCB4F21B052F3500A3452E /* Images.xcassets */ = {isa = PBXFileReference; lastKnownFileType = folder.assetcatalog; path = Images.xcassets; sourceTree = "<group>"; };
		E9CCB4F51B052F3500A3452E /* Base */ = {isa = PBXFileReference; lastKnownFileType = file.xib; name = Base; path = Base.lproj/LaunchScreen.xib; sourceTree = "<group>"; };
		E9CCB4FB1B052F3500A3452E /* StormyWeatherTests.xctest */ = {isa = PBXFileReference; explicitFileType = wrapper.cfbundle; includeInIndex = 0; path = StormyWeatherTests.xctest; sourceTree = BUILT_PRODUCTS_DIR; };
		E9CCB5001B052F3500A3452E /* Info.plist */ = {isa = PBXFileReference; lastKnownFileType = text.plist.xml; path = Info.plist; sourceTree = "<group>"; };
		E9CCB5011B052F3500A3452E /* StormyWeatherTests.m */ = {isa = PBXFileReference; lastKnownFileType = sourcecode.c.objc; path = StormyWeatherTests.m; sourceTree = "<group>"; };
		E9CCB50F1B054DE200A3452E /* cities.json */ = {isa = PBXFileReference; fileEncoding = 4; lastKnownFileType = text.json; name = cities.json; path = ../cities.json; sourceTree = "<group>"; };
		E9CCB5111B0679A000A3452E /* CRUDController.h */ = {isa = PBXFileReference; fileEncoding = 4; lastKnownFileType = sourcecode.c.h; name = CRUDController.h; path = ../CRUDController.h; sourceTree = "<group>"; };
		E9CCB5121B0679A000A3452E /* CRUDController.m */ = {isa = PBXFileReference; fileEncoding = 4; lastKnownFileType = sourcecode.c.objc; name = CRUDController.m; path = ../CRUDController.m; sourceTree = "<group>"; };
		E9CCB5141B08530C00A3452E /* City.h */ = {isa = PBXFileReference; fileEncoding = 4; lastKnownFileType = sourcecode.c.h; path = City.h; sourceTree = "<group>"; };
		E9CCB5151B08530C00A3452E /* City.m */ = {isa = PBXFileReference; fileEncoding = 4; lastKnownFileType = sourcecode.c.objc; path = City.m; sourceTree = "<group>"; };
		E9CCB51A1B09FCC100A3452E /* CitiesTableViewController.h */ = {isa = PBXFileReference; fileEncoding = 4; lastKnownFileType = sourcecode.c.h; path = CitiesTableViewController.h; sourceTree = "<group>"; };
		E9CCB51B1B09FCC200A3452E /* CitiesTableViewController.m */ = {isa = PBXFileReference; fileEncoding = 4; lastKnownFileType = sourcecode.c.objc; path = CitiesTableViewController.m; sourceTree = "<group>"; };
		E9CCB51D1B0A7F7100A3452E /* SystemConfiguration.framework */ = {isa = PBXFileReference; lastKnownFileType = wrapper.framework; name = SystemConfiguration.framework; path = System/Library/Frameworks/SystemConfiguration.framework; sourceTree = SDKROOT; };
		E9CCB51F1B0A7FA100A3452E /* Reachability.h */ = {isa = PBXFileReference; fileEncoding = 4; lastKnownFileType = sourcecode.c.h; path = Reachability.h; sourceTree = "<group>"; };
		E9CCB5201B0A7FA100A3452E /* Reachability.m */ = {isa = PBXFileReference; fileEncoding = 4; lastKnownFileType = sourcecode.c.objc; path = Reachability.m; sourceTree = "<group>"; };
		E9CCB5221B0B53DF00A3452E /* DetailViewController.h */ = {isa = PBXFileReference; fileEncoding = 4; lastKnownFileType = sourcecode.c.h; path = DetailViewController.h; sourceTree = "<group>"; };
		E9CCB5231B0B53DF00A3452E /* DetailViewController.m */ = {isa = PBXFileReference; fileEncoding = 4; lastKnownFileType = sourcecode.c.objc; path = DetailViewController.m; sourceTree = "<group>"; };
		E9CCB5251B0B5D5400A3452E /* TabBarController.h */ = {isa = PBXFileReference; fileEncoding = 4; lastKnownFileType = sourcecode.c.h; path = TabBarController.h; sourceTree = "<group>"; };
		E9CCB5261B0B5D5400A3452E /* TabBarController.m */ = {isa = PBXFileReference; fileEncoding = 4; lastKnownFileType = sourcecode.c.objc; path = TabBarController.m; sourceTree = "<group>"; };
		EB561C0AC5AD3A9B914DE060 /* libPods.a */ = {isa = PBXFileReference; explicitFileType = archive.ar; includeInIndex = 0; path = libPods.a; sourceTree = BUILT_PRODUCTS_DIR; };
/* End PBXFileReference section */

/* Begin PBXFrameworksBuildPhase section */
		E9CCB4DC1B052F3400A3452E /* Frameworks */ = {
			isa = PBXFrameworksBuildPhase;
			buildActionMask = 2147483647;
			files = (
				E9CCB51E1B0A7F7100A3452E /* SystemConfiguration.framework in Frameworks */,
				57C6BBDE8D23209A135B5392 /* libPods.a in Frameworks */,
			);
			runOnlyForDeploymentPostprocessing = 0;
		};
		E9CCB4F81B052F3500A3452E /* Frameworks */ = {
			isa = PBXFrameworksBuildPhase;
			buildActionMask = 2147483647;
			files = (
			);
			runOnlyForDeploymentPostprocessing = 0;
		};
/* End PBXFrameworksBuildPhase section */

/* Begin PBXGroup section */
		2619A8FFD9B7589F74CB7D09 /* Frameworks */ = {
			isa = PBXGroup;
			children = (
				E9CCB51D1B0A7F7100A3452E /* SystemConfiguration.framework */,
				EB561C0AC5AD3A9B914DE060 /* libPods.a */,
			);
			name = Frameworks;
			sourceTree = "<group>";
		};
		C84D033776A16BAF6A16B794 /* Pods */ = {
			isa = PBXGroup;
			children = (
				3AB88AA641B9B1BBA4D65758 /* Pods.debug.xcconfig */,
				4B21FF685761E270226DCCE3 /* Pods.release.xcconfig */,
			);
			name = Pods;
			sourceTree = "<group>";
		};
		E9CCB4D61B052F3400A3452E = {
			isa = PBXGroup;
			children = (
				E9CCB4E11B052F3400A3452E /* StormyWeather */,
				E9CCB4FE1B052F3500A3452E /* StormyWeatherTests */,
				E9CCB4E01B052F3400A3452E /* Products */,
				C84D033776A16BAF6A16B794 /* Pods */,
				2619A8FFD9B7589F74CB7D09 /* Frameworks */,
			);
			sourceTree = "<group>";
		};
		E9CCB4E01B052F3400A3452E /* Products */ = {
			isa = PBXGroup;
			children = (
				E9CCB4DF1B052F3400A3452E /* StormyWeather.app */,
				E9CCB4FB1B052F3500A3452E /* StormyWeatherTests.xctest */,
			);
			name = Products;
			sourceTree = "<group>";
		};
		E9CCB4E11B052F3400A3452E /* StormyWeather */ = {
			isa = PBXGroup;
			children = (
				E9CCB50F1B054DE200A3452E /* cities.json */,
				E9CCB4E61B052F3400A3452E /* AppDelegate.h */,
				E9CCB4E71B052F3400A3452E /* AppDelegate.m */,
				E9CCB5141B08530C00A3452E /* City.h */,
				E9CCB5151B08530C00A3452E /* City.m */,
				E9CCB4EC1B052F3500A3452E /* ViewController.h */,
				E9CCB4ED1B052F3500A3452E /* ViewController.m */,
				E9CCB5251B0B5D5400A3452E /* TabBarController.h */,
				E9CCB5261B0B5D5400A3452E /* TabBarController.m */,
				E9CCB51A1B09FCC100A3452E /* CitiesTableViewController.h */,
				E9CCB51B1B09FCC200A3452E /* CitiesTableViewController.m */,
				E9CCB5111B0679A000A3452E /* CRUDController.h */,
				E9CCB5121B0679A000A3452E /* CRUDController.m */,
				E9CCB5221B0B53DF00A3452E /* DetailViewController.h */,
				E9CCB5231B0B53DF00A3452E /* DetailViewController.m */,
				E91E6D601B0B6D3A00E6FE98 /* WeekTableViewController.h */,
				E91E6D611B0B6D3B00E6FE98 /* WeekTableViewController.m */,
				E9CCB51F1B0A7FA100A3452E /* Reachability.h */,
				E9CCB5201B0A7FA100A3452E /* Reachability.m */,
				E9CCB4EF1B052F3500A3452E /* Main.storyboard */,
				E9CCB4F21B052F3500A3452E /* Images.xcassets */,
				E9CCB4F41B052F3500A3452E /* LaunchScreen.xib */,
				E9CCB4E91B052F3500A3452E /* StormyWeather.xcdatamodeld */,
				E9CCB4E21B052F3400A3452E /* Supporting Files */,
			);
			path = StormyWeather;
			sourceTree = "<group>";
		};
		E9CCB4E21B052F3400A3452E /* Supporting Files */ = {
			isa = PBXGroup;
			children = (
				E9CCB4E31B052F3400A3452E /* Info.plist */,
				E9CCB4E41B052F3400A3452E /* main.m */,
			);
			name = "Supporting Files";
			sourceTree = "<group>";
		};
		E9CCB4FE1B052F3500A3452E /* StormyWeatherTests */ = {
			isa = PBXGroup;
			children = (
				E9CCB5011B052F3500A3452E /* StormyWeatherTests.m */,
				E9CCB4FF1B052F3500A3452E /* Supporting Files */,
			);
			path = StormyWeatherTests;
			sourceTree = "<group>";
		};
		E9CCB4FF1B052F3500A3452E /* Supporting Files */ = {
			isa = PBXGroup;
			children = (
				E9CCB5001B052F3500A3452E /* Info.plist */,
			);
			name = "Supporting Files";
			sourceTree = "<group>";
		};
/* End PBXGroup section */

/* Begin PBXNativeTarget section */
		E9CCB4DE1B052F3400A3452E /* StormyWeather */ = {
			isa = PBXNativeTarget;
			buildConfigurationList = E9CCB5051B052F3500A3452E /* Build configuration list for PBXNativeTarget "StormyWeather" */;
			buildPhases = (
				E0E892B0851CD4D937D1F3CD /* Check Pods Manifest.lock */,
				E9CCB4DB1B052F3400A3452E /* Sources */,
				E9CCB4DC1B052F3400A3452E /* Frameworks */,
				E9CCB4DD1B052F3400A3452E /* Resources */,
				3364955DEE2612C390B6BE37 /* Copy Pods Resources */,
			);
			buildRules = (
			);
			dependencies = (
			);
			name = StormyWeather;
			productName = StormyWeather;
			productReference = E9CCB4DF1B052F3400A3452E /* StormyWeather.app */;
			productType = "com.apple.product-type.application";
		};
		E9CCB4FA1B052F3500A3452E /* StormyWeatherTests */ = {
			isa = PBXNativeTarget;
			buildConfigurationList = E9CCB5081B052F3500A3452E /* Build configuration list for PBXNativeTarget "StormyWeatherTests" */;
			buildPhases = (
				E9CCB4F71B052F3500A3452E /* Sources */,
				E9CCB4F81B052F3500A3452E /* Frameworks */,
				E9CCB4F91B052F3500A3452E /* Resources */,
			);
			buildRules = (
			);
			dependencies = (
				E9CCB4FD1B052F3500A3452E /* PBXTargetDependency */,
			);
			name = StormyWeatherTests;
			productName = StormyWeatherTests;
			productReference = E9CCB4FB1B052F3500A3452E /* StormyWeatherTests.xctest */;
			productType = "com.apple.product-type.bundle.unit-test";
		};
/* End PBXNativeTarget section */

/* Begin PBXProject section */
		E9CCB4D71B052F3400A3452E /* Project object */ = {
			isa = PBXProject;
			attributes = {
				LastUpgradeCheck = 0620;
				ORGANIZATIONNAME = "Zitech Mobile LLC";
				TargetAttributes = {
					E9CCB4DE1B052F3400A3452E = {
						CreatedOnToolsVersion = 6.2;
					};
					E9CCB4FA1B052F3500A3452E = {
						CreatedOnToolsVersion = 6.2;
						TestTargetID = E9CCB4DE1B052F3400A3452E;
					};
				};
			};
			buildConfigurationList = E9CCB4DA1B052F3400A3452E /* Build configuration list for PBXProject "StormyWeather" */;
			compatibilityVersion = "Xcode 3.2";
			developmentRegion = English;
			hasScannedForEncodings = 0;
			knownRegions = (
				en,
				Base,
			);
			mainGroup = E9CCB4D61B052F3400A3452E;
			productRefGroup = E9CCB4E01B052F3400A3452E /* Products */;
			projectDirPath = "";
			projectRoot = "";
			targets = (
				E9CCB4DE1B052F3400A3452E /* StormyWeather */,
				E9CCB4FA1B052F3500A3452E /* StormyWeatherTests */,
			);
		};
/* End PBXProject section */

/* Begin PBXResourcesBuildPhase section */
		E9CCB4DD1B052F3400A3452E /* Resources */ = {
			isa = PBXResourcesBuildPhase;
			buildActionMask = 2147483647;
			files = (
				E9CCB4F11B052F3500A3452E /* Main.storyboard in Resources */,
				E9CCB5101B054DE200A3452E /* cities.json in Resources */,
				E9CCB4F61B052F3500A3452E /* LaunchScreen.xib in Resources */,
				E9CCB4F31B052F3500A3452E /* Images.xcassets in Resources */,
			);
			runOnlyForDeploymentPostprocessing = 0;
		};
		E9CCB4F91B052F3500A3452E /* Resources */ = {
			isa = PBXResourcesBuildPhase;
			buildActionMask = 2147483647;
			files = (
			);
			runOnlyForDeploymentPostprocessing = 0;
		};
/* End PBXResourcesBuildPhase section */

/* Begin PBXShellScriptBuildPhase section */
		3364955DEE2612C390B6BE37 /* Copy Pods Resources */ = {
			isa = PBXShellScriptBuildPhase;
			buildActionMask = 2147483647;
			files = (
			);
			inputPaths = (
			);
			name = "Copy Pods Resources";
			outputPaths = (
			);
			runOnlyForDeploymentPostprocessing = 0;
			shellPath = /bin/sh;
			shellScript = "\"${SRCROOT}/Pods/Target Support Files/Pods/Pods-resources.sh\"\n";
			showEnvVarsInLog = 0;
		};
		E0E892B0851CD4D937D1F3CD /* Check Pods Manifest.lock */ = {
			isa = PBXShellScriptBuildPhase;
			buildActionMask = 2147483647;
			files = (
			);
			inputPaths = (
			);
			name = "Check Pods Manifest.lock";
			outputPaths = (
			);
			runOnlyForDeploymentPostprocessing = 0;
			shellPath = /bin/sh;
			shellScript = "diff \"${PODS_ROOT}/../Podfile.lock\" \"${PODS_ROOT}/Manifest.lock\" > /dev/null\nif [[ $? != 0 ]] ; then\n    cat << EOM\nerror: The sandbox is not in sync with the Podfile.lock. Run 'pod install' or update your CocoaPods installation.\nEOM\n    exit 1\nfi\n";
			showEnvVarsInLog = 0;
		};
/* End PBXShellScriptBuildPhase section */

/* Begin PBXSourcesBuildPhase section */
		E9CCB4DB1B052F3400A3452E /* Sources */ = {
			isa = PBXSourcesBuildPhase;
			buildActionMask = 2147483647;
			files = (
				E9CCB4E51B052F3400A3452E /* main.m in Sources */,
				E9CCB5161B08530C00A3452E /* City.m in Sources */,
				E9CCB5241B0B53DF00A3452E /* DetailViewController.m in Sources */,
				E91E6D621B0B6D3B00E6FE98 /* WeekTableViewController.m in Sources */,
				E9CCB5211B0A7FA100A3452E /* Reachability.m in Sources */,
				E9CCB5131B0679A000A3452E /* CRUDController.m in Sources */,
				E9CCB51C1B09FCC200A3452E /* CitiesTableViewController.m in Sources */,
				E9CCB4E81B052F3400A3452E /* AppDelegate.m in Sources */,
				E9CCB5271B0B5D5400A3452E /* TabBarController.m in Sources */,
				E9CCB4EE1B052F3500A3452E /* ViewController.m in Sources */,
				E9CCB4EB1B052F3500A3452E /* StormyWeather.xcdatamodeld in Sources */,
			);
			runOnlyForDeploymentPostprocessing = 0;
		};
		E9CCB4F71B052F3500A3452E /* Sources */ = {
			isa = PBXSourcesBuildPhase;
			buildActionMask = 2147483647;
			files = (
				E9CCB5021B052F3500A3452E /* StormyWeatherTests.m in Sources */,
			);
			runOnlyForDeploymentPostprocessing = 0;
		};
/* End PBXSourcesBuildPhase section */

/* Begin PBXTargetDependency section */
		E9CCB4FD1B052F3500A3452E /* PBXTargetDependency */ = {
			isa = PBXTargetDependency;
			target = E9CCB4DE1B052F3400A3452E /* StormyWeather */;
			targetProxy = E9CCB4FC1B052F3500A3452E /* PBXContainerItemProxy */;
		};
/* End PBXTargetDependency section */

/* Begin PBXVariantGroup section */
		E9CCB4EF1B052F3500A3452E /* Main.storyboard */ = {
			isa = PBXVariantGroup;
			children = (
				E9CCB4F01B052F3500A3452E /* Base */,
			);
			name = Main.storyboard;
			sourceTree = "<group>";
		};
		E9CCB4F41B052F3500A3452E /* LaunchScreen.xib */ = {
			isa = PBXVariantGroup;
			children = (
				E9CCB4F51B052F3500A3452E /* Base */,
			);
			name = LaunchScreen.xib;
			sourceTree = "<group>";
		};
/* End PBXVariantGroup section */

/* Begin XCBuildConfiguration section */
		E9CCB5031B052F3500A3452E /* Debug */ = {
			isa = XCBuildConfiguration;
			buildSettings = {
				ALWAYS_SEARCH_USER_PATHS = NO;
				CLANG_CXX_LANGUAGE_STANDARD = "gnu++0x";
				CLANG_CXX_LIBRARY = "libc++";
				CLANG_ENABLE_MODULES = YES;
				CLANG_ENABLE_OBJC_ARC = YES;
				CLANG_WARN_BOOL_CONVERSION = YES;
				CLANG_WARN_CONSTANT_CONVERSION = YES;
				CLANG_WARN_DIRECT_OBJC_ISA_USAGE = YES_ERROR;
				CLANG_WARN_EMPTY_BODY = YES;
				CLANG_WARN_ENUM_CONVERSION = YES;
				CLANG_WARN_INT_CONVERSION = YES;
				CLANG_WARN_OBJC_ROOT_CLASS = YES_ERROR;
				CLANG_WARN_UNREACHABLE_CODE = YES;
				CLANG_WARN__DUPLICATE_METHOD_MATCH = YES;
				"CODE_SIGN_IDENTITY[sdk=iphoneos*]" = "iPhone Developer";
				COPY_PHASE_STRIP = NO;
				ENABLE_STRICT_OBJC_MSGSEND = YES;
				GCC_C_LANGUAGE_STANDARD = gnu99;
				GCC_DYNAMIC_NO_PIC = NO;
				GCC_OPTIMIZATION_LEVEL = 0;
				GCC_PREPROCESSOR_DEFINITIONS = (
					"DEBUG=1",
					"$(inherited)",
				);
				GCC_SYMBOLS_PRIVATE_EXTERN = NO;
				GCC_WARN_64_TO_32_BIT_CONVERSION = YES;
				GCC_WARN_ABOUT_RETURN_TYPE = YES_ERROR;
				GCC_WARN_UNDECLARED_SELECTOR = YES;
				GCC_WARN_UNINITIALIZED_AUTOS = YES_AGGRESSIVE;
				GCC_WARN_UNUSED_FUNCTION = YES;
				GCC_WARN_UNUSED_VARIABLE = YES;
				IPHONEOS_DEPLOYMENT_TARGET = 8.2;
				MTL_ENABLE_DEBUG_INFO = YES;
				ONLY_ACTIVE_ARCH = YES;
				SDKROOT = iphoneos;
				TARGETED_DEVICE_FAMILY = "1,2";
			};
			name = Debug;
		};
		E9CCB5041B052F3500A3452E /* Release */ = {
			isa = XCBuildConfiguration;
			buildSettings = {
				ALWAYS_SEARCH_USER_PATHS = NO;
				CLANG_CXX_LANGUAGE_STANDARD = "gnu++0x";
				CLANG_CXX_LIBRARY = "libc++";
				CLANG_ENABLE_MODULES = YES;
				CLANG_ENABLE_OBJC_ARC = YES;
				CLANG_WARN_BOOL_CONVERSION = YES;
				CLANG_WARN_CONSTANT_CONVERSION = YES;
				CLANG_WARN_DIRECT_OBJC_ISA_USAGE = YES_ERROR;
				CLANG_WARN_EMPTY_BODY = YES;
				CLANG_WARN_ENUM_CONVERSION = YES;
				CLANG_WARN_INT_CONVERSION = YES;
				CLANG_WARN_OBJC_ROOT_CLASS = YES_ERROR;
				CLANG_WARN_UNREACHABLE_CODE = YES;
				CLANG_WARN__DUPLICATE_METHOD_MATCH = YES;
				"CODE_SIGN_IDENTITY[sdk=iphoneos*]" = "iPhone Developer";
				COPY_PHASE_STRIP = NO;
				ENABLE_NS_ASSERTIONS = NO;
				ENABLE_STRICT_OBJC_MSGSEND = YES;
				GCC_C_LANGUAGE_STANDARD = gnu99;
				GCC_WARN_64_TO_32_BIT_CONVERSION = YES;
				GCC_WARN_ABOUT_RETURN_TYPE = YES_ERROR;
				GCC_WARN_UNDECLARED_SELECTOR = YES;
				GCC_WARN_UNINITIALIZED_AUTOS = YES_AGGRESSIVE;
				GCC_WARN_UNUSED_FUNCTION = YES;
				GCC_WARN_UNUSED_VARIABLE = YES;
				IPHONEOS_DEPLOYMENT_TARGET = 8.2;
				MTL_ENABLE_DEBUG_INFO = NO;
				SDKROOT = iphoneos;
				TARGETED_DEVICE_FAMILY = "1,2";
				VALIDATE_PRODUCT = YES;
			};
			name = Release;
		};
		E9CCB5061B052F3500A3452E /* Debug */ = {
			isa = XCBuildConfiguration;
			baseConfigurationReference = 3AB88AA641B9B1BBA4D65758 /* Pods.debug.xcconfig */;
			buildSettings = {
				ASSETCATALOG_COMPILER_APPICON_NAME = AppIcon;
				INFOPLIST_FILE = StormyWeather/Info.plist;
				LD_RUNPATH_SEARCH_PATHS = "$(inherited) @executable_path/Frameworks";
				PRODUCT_NAME = "$(TARGET_NAME)";
			};
			name = Debug;
		};
		E9CCB5071B052F3500A3452E /* Release */ = {
			isa = XCBuildConfiguration;
			baseConfigurationReference = 4B21FF685761E270226DCCE3 /* Pods.release.xcconfig */;
			buildSettings = {
				ASSETCATALOG_COMPILER_APPICON_NAME = AppIcon;
				INFOPLIST_FILE = StormyWeather/Info.plist;
				LD_RUNPATH_SEARCH_PATHS = "$(inherited) @executable_path/Frameworks";
				PRODUCT_NAME = "$(TARGET_NAME)";
			};
			name = Release;
		};
		E9CCB5091B052F3500A3452E /* Debug */ = {
			isa = XCBuildConfiguration;
			buildSettings = {
				BUNDLE_LOADER = "$(TEST_HOST)";
				FRAMEWORK_SEARCH_PATHS = (
					"$(SDKROOT)/Developer/Library/Frameworks",
					"$(inherited)",
				);
				GCC_PREPROCESSOR_DEFINITIONS = (
					"DEBUG=1",
					"$(inherited)",
				);
				INFOPLIST_FILE = StormyWeatherTests/Info.plist;
				LD_RUNPATH_SEARCH_PATHS = "$(inherited) @executable_path/Frameworks @loader_path/Frameworks";
				PRODUCT_NAME = "$(TARGET_NAME)";
				TEST_HOST = "$(BUILT_PRODUCTS_DIR)/StormyWeather.app/StormyWeather";
			};
			name = Debug;
		};
		E9CCB50A1B052F3500A3452E /* Release */ = {
			isa = XCBuildConfiguration;
			buildSettings = {
				BUNDLE_LOADER = "$(TEST_HOST)";
				FRAMEWORK_SEARCH_PATHS = (
					"$(SDKROOT)/Developer/Library/Frameworks",
					"$(inherited)",
				);
				INFOPLIST_FILE = StormyWeatherTests/Info.plist;
				LD_RUNPATH_SEARCH_PATHS = "$(inherited) @executable_path/Frameworks @loader_path/Frameworks";
				PRODUCT_NAME = "$(TARGET_NAME)";
				TEST_HOST = "$(BUILT_PRODUCTS_DIR)/StormyWeather.app/StormyWeather";
			};
			name = Release;
		};
/* End XCBuildConfiguration section */

/* Begin XCConfigurationList section */
		E9CCB4DA1B052F3400A3452E /* Build configuration list for PBXProject "StormyWeather" */ = {
			isa = XCConfigurationList;
			buildConfigurations = (
				E9CCB5031B052F3500A3452E /* Debug */,
				E9CCB5041B052F3500A3452E /* Release */,
			);
			defaultConfigurationIsVisible = 0;
			defaultConfigurationName = Release;
		};
		E9CCB5051B052F3500A3452E /* Build configuration list for PBXNativeTarget "StormyWeather" */ = {
			isa = XCConfigurationList;
			buildConfigurations = (
				E9CCB5061B052F3500A3452E /* Debug */,
				E9CCB5071B052F3500A3452E /* Release */,
			);
			defaultConfigurationIsVisible = 0;
			defaultConfigurationName = Release;
		};
		E9CCB5081B052F3500A3452E /* Build configuration list for PBXNativeTarget "StormyWeatherTests" */ = {
			isa = XCConfigurationList;
			buildConfigurations = (
				E9CCB5091B052F3500A3452E /* Debug */,
				E9CCB50A1B052F3500A3452E /* Release */,
			);
			defaultConfigurationIsVisible = 0;
			defaultConfigurationName = Release;
		};
/* End XCConfigurationList section */

/* Begin XCVersionGroup section */
		E9CCB4E91B052F3500A3452E /* StormyWeather.xcdatamodeld */ = {
			isa = XCVersionGroup;
			children = (
				E9CCB4EA1B052F3500A3452E /* StormyWeather.xcdatamodel */,
			);
			currentVersion = E9CCB4EA1B052F3500A3452E /* StormyWeather.xcdatamodel */;
			path = StormyWeather.xcdatamodeld;
			sourceTree = "<group>";
			versionGroupType = wrapper.xcdatamodel;
		};
/* End XCVersionGroup section */
	};
	rootObject = E9CCB4D71B052F3400A3452E /* Project object */;
}
